
Microsoft Visual Studio Solution File, Format Version 12.00
# Visual Studio Version 16
VisualStudioVersion = 16.0.30330.147
MinimumVisualStudioVersion = 10.0.40219.1
Project("{FAE04EC0-301F-11D3-BF4B-00C04F79EFBC}") = "GENELORNEK", "GENELORNEK\GENELORNEK.csproj", "{8665A210-A74C-4E76-8916-8F1377A5344A}"
EndProject
Global
	GlobalSection(SolutionConfigurationPlatforms) = preSolution
		Debug|Any CPU = Debug|Any CPU
		Release|Any CPU = Release|Any CPU
	EndGlobalSection
	GlobalSection(ProjectConfigurationPlatforms) = postSolution
		{8665A210-A74C-4E76-8916-8F1377A5344A}.Debug|Any CPU.ActiveCfg = Debug|Any CPU
		{8665A210-A74C-4E76-8916-8F1377A5344A}.Debug|Any CPU.Build.0 = Debug|Any CPU
		{8665A210-A74C-4E76-8916-8F1377A5344A}.Release|Any CPU.ActiveCfg = Release|Any CPU
		{8665A210-A74C-4E76-8916-8F1377A5344A}.Release|Any CPU.Build.0 = Release|Any CPU
	EndGlobalSection
	GlobalSection(SolutionProperties) = preSolution
		HideSolutionNode = FALSE
	EndGlobalSection
	GlobalSection(ExtensibilityGlobals) = postSolution
		SolutionGuid = {3F2465B1-8EC5-4A4D-BDF0-13A65E2E226F}
	EndGlobalSection
EndGlobal
